
Microsoft Visual Studio Solution File, Format Version 12.00
# Visual Studio Version 17
VisualStudioVersion = 17.13.35825.156 d17.13
MinimumVisualStudioVersion = 10.0.40219.1
Project("{FAE04EC0-301F-11D3-BF4B-00C04F79EFBC}") = "CarShowroom", "CarShowroom\CarShowroom.csproj", "{43CF40B2-CD5A-4C4F-B8B6-929353B1668C}"
EndProject
Global
	GlobalSection(SolutionConfigurationPlatforms) = preSolution
		Debug|Any CPU = Debug|Any CPU
		Release|Any CPU = Release|Any CPU
	EndGlobalSection
	GlobalSection(ProjectConfigurationPlatforms) = postSolution
		{43CF40B2-CD5A-4C4F-B8B6-929353B1668C}.Debug|Any CPU.ActiveCfg = Debug|Any CPU
		{43CF40B2-CD5A-4C4F-B8B6-929353B1668C}.Debug|Any CPU.Build.0 = Debug|Any CPU
		{43CF40B2-CD5A-4C4F-B8B6-929353B1668C}.Release|Any CPU.ActiveCfg = Release|Any CPU
		{43CF40B2-CD5A-4C4F-B8B6-929353B1668C}.Release|Any CPU.Build.0 = Release|Any CPU
	EndGlobalSection
	GlobalSection(SolutionProperties) = preSolution
		HideSolutionNode = FALSE
	EndGlobalSection
	GlobalSection(ExtensibilityGlobals) = postSolution
		SolutionGuid = {EF9B5B72-91B4-479B-B7ED-37815AFAD658}
	EndGlobalSection
EndGlobal
